
Microsoft Visual Studio Solution File, Format Version 12.00
# Visual Studio Version 17
VisualStudioVersion = 17.6.33712.159
MinimumVisualStudioVersion = 10.0.40219.1
Project("{8BC9CEB8-8B4A-11D0-8D11-00A0C91BC942}") = "de_nhap_10sv_linklist", "de_nhap_10sv_linklist\de_nhap_10sv_linklist.vcxproj", "{691670CE-752E-4C87-88F0-90495A9F80C3}"
EndProject
Global
	GlobalSection(SolutionConfigurationPlatforms) = preSolution
		Debug|x64 = Debug|x64
		Debug|x86 = Debug|x86
		Release|x64 = Release|x64
		Release|x86 = Release|x86
	EndGlobalSection
	GlobalSection(ProjectConfigurationPlatforms) = postSolution
		{691670CE-752E-4C87-88F0-90495A9F80C3}.Debug|x64.ActiveCfg = Debug|x64
		{691670CE-752E-4C87-88F0-90495A9F80C3}.Debug|x64.Build.0 = Debug|x64
		{691670CE-752E-4C87-88F0-90495A9F80C3}.Debug|x86.ActiveCfg = Debug|Win32
		{691670CE-752E-4C87-88F0-90495A9F80C3}.Debug|x86.Build.0 = Debug|Win32
		{691670CE-752E-4C87-88F0-90495A9F80C3}.Release|x64.ActiveCfg = Release|x64
		{691670CE-752E-4C87-88F0-90495A9F80C3}.Release|x64.Build.0 = Release|x64
		{691670CE-752E-4C87-88F0-90495A9F80C3}.Release|x86.ActiveCfg = Release|Win32
		{691670CE-752E-4C87-88F0-90495A9F80C3}.Release|x86.Build.0 = Release|Win32
	EndGlobalSection
	GlobalSection(SolutionProperties) = preSolution
		HideSolutionNode = FALSE
	EndGlobalSection
	GlobalSection(ExtensibilityGlobals) = postSolution
		SolutionGuid = {A15BEF1C-3326-4877-9594-6F52DF6D97FF}
	EndGlobalSection
EndGlobal
